symfony 5da21d1b468f6d310ced3af8646d14e3e561f1e8
twig 661e9c7ad2820e881c93474f2fbcbe2661fd1970
monolog 66c1cc05a8e00fb5d4dbf540dba12b5727564d33
doctrine-common 40e49ec3fd59f5c16e809078aa18ede23405bf00
doctrine-data-fixtures 4a8464ef83093de2378cef2770e13da7e4858ffc
doctrine-dbal b59ccaf3b24b93846f227253d44084094a3d8b61
doctrine 5299bd788f7afa8bee9a251f6efa99fb64742ffe
swiftmailer c53c8c1ab88c78c463ba65086d93d00193957e94
assetic 7448f2c09c8824e756a12e8be291ce0ce657b246
twig-extensions 6b0cc16934b6e62ef07c8d2e59f9f13ff3193d3d
metadata aa04872c6f0e2b32128b62dd075e8cf97a8d93da
SensioFrameworkExtraBundle d36c60b4b1f47081476742d4aae39d4a5c9f4272
JMSSecurityExtraBundle a7717ed531f64fac812634d7f5a5c6c9b825e14f
SensioDistributionBundle 868d8db9ca3ae41d5d6e74f3db708eb5970bc478
SensioGeneratorBundle 5d78a4b1398aaa11b2965dd6772abb1865977a32
AsseticBundle d07327d1ed07b004b145774798b29b09a00e60ff
DoctrineFixturesBundle d0d6a6e4fbbea44ab1ab7d4a107b7818d9562010
JMSDebuggingBundle f13a1b5d684b244830ac064a1e54b5e3769f5924
JMSSerializerBundle 1e1e2bd695b814008d3a7ff949d3afb0dbca6eb7
DoctrinePHPCRBundle c71e4250aaa8082c2cc0a8dbe7d64ce21117c5bc
doctrine-mongodb 5645300539e976bab19fbb64fcdcb76fcfde4f13
doctrine-mongodb-odm b03d3ccaf7b1f6f890baee048dd674313cad6db3
doctrine-couchdb-odm cfe28168e2c4869aac42d1b198214e036ea37405
doctrine-phpcr-odm 95ae62f6352f9b08467357a518f8a8f6b098f6d2
jackalope 47a3f747a6e454228cbe8a9d7fbd8c0e38ecdeac
phpcr b50d27de4e171295a517a3bfd7c95b276e2b613a
FOSUserBundle ed2765e1e9faef49fcd6414a0380c820bec0fa64
FOSRestBundle 0247092344c8844dae67d218e2350a332a773c33
FOSTwitterBundle d15114eb2f096540c4ca8881dffe126df04d17ea
FOSFacebookBundle c210d4d4045bc42879a95ff7b4ab3da0e9c1ef46
facebook b14edfa34306e3f112d73fd72e73cf72f473c3d5
LiipHelloBundle 88847caab26e959b06b3e3d4dec0c2ffa1749e7a
LiipFunctionalTestBundle 743411da0deb4d9e0fa0f02eb7437f0acc49888b
LiipXsltBundle 8c83f10ada2ca847c9ed38f2283d9643efb07056
LiipMultiplexBundle 0bd4c1fe135d9d4a704f484db977d499adb76fb8
LiipContainerWrapperBundle ab157a54506643d3911ce70a1e490202931a2427
LiipCacheControlBundle 4ae5425616e67e0b3576d0e64b5706b9a15e8a7c
LiipThemeBundle b23ec8479af21b18eddaae751d011c9c6f452518