symfony a724774fc003cc5df8e23f88812f25042088344b
twig 661e9c7ad2820e881c93474f2fbcbe2661fd1970
monolog 66c1cc05a8e00fb5d4dbf540dba12b5727564d33
doctrine-common eebff8dc521a1ace5b17c059a69075db20c201e8
doctrine-data-fixtures d6b447044b02102d127bbf7e825341577647d34b
doctrine-dbal b59ccaf3b24b93846f227253d44084094a3d8b61
doctrine 0f68355ce094d81d9f7727eb385ae1dfe2e08c8d
swiftmailer 3304927fe86466534a4a3e14a4741bda64a0eaef
assetic 50d4b959d713f7544dc98e36bc181631aca034a0
twig-extensions 6b0cc16934b6e62ef07c8d2e59f9f13ff3193d3d
metadata aa04872c6f0e2b32128b62dd075e8cf97a8d93da
SensioFrameworkExtraBundle 414c0812bf941811791f8a1efd4ccd25e9562406
JMSSecurityExtraBundle f9fbc5da0d464a3764ef7bf6d7988fbb7b883d6a
SensioDistributionBundle 868d8db9ca3ae41d5d6e74f3db708eb5970bc478
SensioGeneratorBundle 5d78a4b1398aaa11b2965dd6772abb1865977a32
AsseticBundle f6ec47d9399459ab7b602fb3737243a0f1fa2f29
DoctrineFixturesBundle d0d6a6e4fbbea44ab1ab7d4a107b7818d9562010
JMSDebuggingBundle f13a1b5d684b244830ac064a1e54b5e3769f5924
JMSSerializerBundle 1e1e2bd695b814008d3a7ff949d3afb0dbca6eb7
DoctrinePHPCRBundle 7cae7549ef16825894e93cf9749479caba6d52d1
doctrine-mongodb 8f1c9dfa2edb4f9dd8acd5677bea7449011fa953
doctrine-mongodb-odm d9bd1d42065ea8f536bf9e823b351cecc55813a6
doctrine-couchdb-odm cfe28168e2c4869aac42d1b198214e036ea37405
doctrine-phpcr-odm 95ae62f6352f9b08467357a518f8a8f6b098f6d2
jackalope ae757b57884ff1c907f23fd5626293ef06d857d6
phpcr b50d27de4e171295a517a3bfd7c95b276e2b613a
FOSUserBundle 965bcbc6ede30893d4a13bc3614109eff784f4ba
FOSRestBundle dd2a79ba21d7413f6c73d7e75a7d723e93d96c81
FOSTwitterBundle d15114eb2f096540c4ca8881dffe126df04d17ea
FOSFacebookBundle c210d4d4045bc42879a95ff7b4ab3da0e9c1ef46
facebook b14edfa34306e3f112d73fd72e73cf72f473c3d5
LiipHelloBundle 65513e539a3f0cf7b531b640fc193595fa9755d0
LiipFunctionalTestBundle 743411da0deb4d9e0fa0f02eb7437f0acc49888b
LiipXsltBundle 8c83f10ada2ca847c9ed38f2283d9643efb07056
LiipMultiplexBundle 0bd4c1fe135d9d4a704f484db977d499adb76fb8
LiipContainerWrapperBundle ab157a54506643d3911ce70a1e490202931a2427
LiipCacheControlBundle 4ae5425616e67e0b3576d0e64b5706b9a15e8a7c
LiipThemeBundle b23ec8479af21b18eddaae751d011c9c6f452518