symfony 6c256b01b087f94a4ec04487d875fe81375eb6c1
twig 8a84838798e45424c5fe2d87149db6855ae037bf
monolog 1.1.0
doctrine-common 91a2875447a38a638cebbd679fa2081a84d5f7af
doctrine-data-fixtures 779c3dfe446b6da893be87b908d6be28345d1e01
doctrine-dbal b1562a5f85ad30c0815c85df866d179992a91797
doctrine 93cef612701b9e8caaf43c745978cd4fbd9d4e4e
doctrine-phpcr-odm e4a06121821c742664ff5ece09369752b1ba6f06
jackalope 6ad592e9ccba23a2b43d85ddf67cee5897a66e6a
jackalope-doctrine-dbal 975dc3944febc23549e5a91bd2015b26ed315dd4
phpcr 72388ef211a85d7404f853fc02300e9399c13772
phpcr-utils 27e1e54578c6d87266113e59f06d32f36a74dbad
DoctrinePHPCRBundle 4530070aae9c1337e8ad458150dfa8f1ad0da54c
swiftmailer v4.1.7
assetic 5c1c9b658b732a980312e8f29cec4e175c2bb6b2
twig-extensions feb6d3f10c411e2631997c0a905aa581c80305c1
metadata 1.1.0
SensioFrameworkExtraBundle e9ac8f1a911ed29e30296c7f1549f53d4c94eddf
JMSSecurityExtraBundle a9ef7e31d809e45352a3e4bf4755efffddff3dd5
SensioDistributionBundle 5886adae1613c0a72fbb95259a83ae798e86c0d3
SensioGeneratorBundle c17dbddefe517e3adfcbeaa1ab7cef3e572d29c6
AsseticBundle e5e9a56a872d9e1f305d14cd8296bf77888388af
SwiftmailerBundle 65e6079443c3cd413012e146aa74307f18671f42
MonologBundle v2.1.0-BETA2
DoctrineBundle c9ea46d1f0c48bb88bb87b44214fe44e03c0c692
DoctrineFixturesBundle a5103a71bcd9b2f851ca6c16519a077784a3184a
JMSDebuggingBundle bf8ae6ac4af78b4e1881c6fb5e60f8202ef99566
JMSSerializerBundle 6bd1105030c7cc12fbd8ac64cb3a926777806045
JMSDiExtraBundle 431569cae2005e42fe502a55165a7b1fb9593bf3
JMSAopBundle e4777a81d370cc1b140e0ccbe4a0a02305e288be
cg-library 3aaa205ed3ae000950d3f641b00a19ad137a89f3
FOSUserBundle 93b174df2ca884a70ecd99cd12adc29c378ca053
FOSRest 5ea703f5a3f5c7110cadeccb91b212c0eb7ea2d0
FOSRestBundle bd30b8dff393d23ec3e4663216e091e52ff1d3af
FOSFacebookBundle 2492024a5778f82bc24c96e6022aedf3be0df65b
facebook 5e14dc3729ba52bd4ee188ffc202611250b2e8f8
LiipHelloBundle 844ea57798d2097bd6082c541a8eb018c6b941ec
LiipFunctionalTestBundle 0b9ae009973ddc9aac98db077f4528bdf56eff61
LiipContainerWrapperBundle a763142385323108cf9c627d392290d289949398
LiipCacheControlBundle a634e431046875927232df92dd7d22b4814549f9
LiipThemeBundle 1778f639fdfa4eae3d72f87502825e7fd73dc484
LiipVieBundle ac783b7c1d2d2017b2ff11acb97d59baab34c92a
DMS-Filter e2026359d2b3290d8d3f6fde48978ebdbfdd3304
LiipHyphenatorBundle 5e97a04ccdfd97bea3c7585ba5067bca22352a6d
OrgHeiglHyphenator v2.0.2
LiipImagineBundle 433a0633b6724fdb95b139690513004f687d9154
Imagine ec0f4b6aabd9e20766cf2316ed4711850aad75e7
LiipDoctrineCacheBundle 0bec7d47bd0e08c202b03e93a84b059452581973
LiipUrlAutoConverterBundle 47b2eec007be64b883ac3ec526941ca8231b9f01
LiipSearchBundle 652a564aa6e66b2a495baf9f48ce351e73fae323
LiipMonitorBundle f3aadf42ab6f8f7ee1ef8c55913b07c27389cb9c
LiipMonitorExtraBundle c6476ff0915539bd2a9055d25e5e7c2269a09df9
NelmioApiDocBundle ec757e37909f75e58219e7cbc5b9457c70b835da
dflydev-markdown 11f8faa2d17f717a038b4d372abd22a6ac4a15dc
LiipProcessManager 8702e81b3134ca205bf01bccce8bd1bc04e78463
SimpleThingsFormSerializerBundle 4fb22d5f0b795692afaba4a70f027822ce2d8dce
Ladybug 9d03eab167c1b9f84f9a832c2e26140a780f6100
RaulFraileLadybugBundle 0886838e2a65b19815349e815d0962328637be88